
Microsoft Visual Studio Solution File, Format Version 12.00
# Visual Studio Version 17
VisualStudioVersion = 17.9.34616.47
MinimumVisualStudioVersion = 10.0.40219.1
Project("{FAE04EC0-301F-11D3-BF4B-00C04F79EFBC}") = "If_Else", "Сontrol_Instructions\If_Else.csproj", "{CCBEF3F4-2F82-4DAB-8F55-D6502599715B}"
EndProject
Project("{FAE04EC0-301F-11D3-BF4B-00C04F79EFBC}") = "Switch", "Switch\Switch.csproj", "{BC48B031-A2DC-4C71-BC10-326FD0CA261B}"
EndProject
Project("{FAE04EC0-301F-11D3-BF4B-00C04F79EFBC}") = "While", "While\While.csproj", "{E619F106-5F80-4E62-A58B-3C70C28FF4C9}"
EndProject
Project("{FAE04EC0-301F-11D3-BF4B-00C04F79EFBC}") = "For", "For\For.csproj", "{80277827-C0D7-4877-83B6-0D263B4E6D49}"
EndProject
Global
	GlobalSection(SolutionConfigurationPlatforms) = preSolution
		Debug|Any CPU = Debug|Any CPU
		Release|Any CPU = Release|Any CPU
	EndGlobalSection
	GlobalSection(ProjectConfigurationPlatforms) = postSolution
		{CCBEF3F4-2F82-4DAB-8F55-D6502599715B}.Debug|Any CPU.ActiveCfg = Debug|Any CPU
		{CCBEF3F4-2F82-4DAB-8F55-D6502599715B}.Debug|Any CPU.Build.0 = Debug|Any CPU
		{CCBEF3F4-2F82-4DAB-8F55-D6502599715B}.Release|Any CPU.ActiveCfg = Release|Any CPU
		{CCBEF3F4-2F82-4DAB-8F55-D6502599715B}.Release|Any CPU.Build.0 = Release|Any CPU
		{BC48B031-A2DC-4C71-BC10-326FD0CA261B}.Debug|Any CPU.ActiveCfg = Debug|Any CPU
		{BC48B031-A2DC-4C71-BC10-326FD0CA261B}.Debug|Any CPU.Build.0 = Debug|Any CPU
		{BC48B031-A2DC-4C71-BC10-326FD0CA261B}.Release|Any CPU.ActiveCfg = Release|Any CPU
		{BC48B031-A2DC-4C71-BC10-326FD0CA261B}.Release|Any CPU.Build.0 = Release|Any CPU
		{E619F106-5F80-4E62-A58B-3C70C28FF4C9}.Debug|Any CPU.ActiveCfg = Debug|Any CPU
		{E619F106-5F80-4E62-A58B-3C70C28FF4C9}.Debug|Any CPU.Build.0 = Debug|Any CPU
		{E619F106-5F80-4E62-A58B-3C70C28FF4C9}.Release|Any CPU.ActiveCfg = Release|Any CPU
		{E619F106-5F80-4E62-A58B-3C70C28FF4C9}.Release|Any CPU.Build.0 = Release|Any CPU
		{80277827-C0D7-4877-83B6-0D263B4E6D49}.Debug|Any CPU.ActiveCfg = Debug|Any CPU
		{80277827-C0D7-4877-83B6-0D263B4E6D49}.Debug|Any CPU.Build.0 = Debug|Any CPU
		{80277827-C0D7-4877-83B6-0D263B4E6D49}.Release|Any CPU.ActiveCfg = Release|Any CPU
		{80277827-C0D7-4877-83B6-0D263B4E6D49}.Release|Any CPU.Build.0 = Release|Any CPU
	EndGlobalSection
	GlobalSection(SolutionProperties) = preSolution
		HideSolutionNode = FALSE
	EndGlobalSection
	GlobalSection(ExtensibilityGlobals) = postSolution
		SolutionGuid = {3A7BAE65-6920-435C-B7E9-A05445B893BC}
	EndGlobalSection
EndGlobal
